schema: '2.0'
stages:
  load_data:
    cmd: python src/load_data.py --config=params.yaml
    deps:
    - path: data_given/data.csv
      md5: 9709468543c8d47c6f3ff97ceb355208
      size: 261687
    - path: src/get_data.py
      md5: 5e05d29746fb39fc3aab7fb947b92c35
      size: 637
    - path: src/load_data.py
      md5: 1dffde8ed69b56fa62cd47c8618f8236
      size: 729
    - path: src/make_data.py
      md5: d41d8cd98f00b204e9800998ecf8427e
      size: 0
    outs:
    - path: data/raw/data_raw.csv
      md5: 72becb5e201e4df76ad55b872bce5a78
      size: 261689
  split_data:
    cmd: python src/split_data.py --config=params.yaml
    deps:
    - path: data/raw/data_raw.csv
      md5: 72becb5e201e4df76ad55b872bce5a78
      size: 261689
    - path: src/split_data.py
      md5: f37669a30f78c08d17ea3ebc4068fc14
      size: 2104
    outs:
    - path: data/processed/test_data.csv
      md5: bc9fb54f7f6d917e9e321efd561ebd77
      size: 96169
    - path: data/processed/train_data.csv
      md5: 977b5c857db6fc867f5ae7c0f1cac9d4
      size: 383766
  train_and_evaluate:
    cmd: python src/train_and_evaluate.py --config=params.yaml
    deps:
    - path: data/processed/test_data.csv
      md5: bc9fb54f7f6d917e9e321efd561ebd77
      size: 96169
    - path: data/processed/train_data.csv
      md5: 977b5c857db6fc867f5ae7c0f1cac9d4
      size: 383766
    - path: src/train_and_evaluate.py
      md5: a6bb67c4e67f1e4a347c11f3f873e72b
      size: 5906
    params:
      params.yaml:
        estimators.LogisticRegression.params.C: 0.1
        estimators.LogisticRegression.params.penalty: l2
        estimators.LogisticRegression.params.solver: newton-cg
    outs:
    - path: saved_models/model.joblib
      md5: 42b5b84801832570f09b9385e69c3047
      size: 1542
    - path: srcreport/params.json
      md5: 180f3ef5b8d166c8ebe9e52537d4aaba
      size: 68
    - path: srcreport/scores.json
      md5: 5e32258b00bc4e1ba422e3bb7c940b15
      size: 520
